
Microsoft Visual Studio Solution File, Format Version 12.00
# Visual Studio Version 16
VisualStudioVersion = 16.0.31005.135
MinimumVisualStudioVersion = 10.0.40219.1
Project("{FAE04EC0-301F-11D3-BF4B-00C04F79EFBC}") = "NUnitTestProject5", "NUnitTestProject5\NUnitTestProject5.csproj", "{08935087-33B9-4C60-A525-E0DA3CBB80C9}"
EndProject
Global
	GlobalSection(SolutionConfigurationPlatforms) = preSolution
		Debug|Any CPU = Debug|Any CPU
		Release|Any CPU = Release|Any CPU
	EndGlobalSection
	GlobalSection(ProjectConfigurationPlatforms) = postSolution
		{08935087-33B9-4C60-A525-E0DA3CBB80C9}.Debug|Any CPU.ActiveCfg = Debug|Any CPU
		{08935087-33B9-4C60-A525-E0DA3CBB80C9}.Debug|Any CPU.Build.0 = Debug|Any CPU
		{08935087-33B9-4C60-A525-E0DA3CBB80C9}.Release|Any CPU.ActiveCfg = Release|Any CPU
		{08935087-33B9-4C60-A525-E0DA3CBB80C9}.Release|Any CPU.Build.0 = Release|Any CPU
	EndGlobalSection
	GlobalSection(SolutionProperties) = preSolution
		HideSolutionNode = FALSE
	EndGlobalSection
	GlobalSection(ExtensibilityGlobals) = postSolution
		SolutionGuid = {CFAF9E0D-7CA4-4F91-833B-4ABD38597C44}
	EndGlobalSection
EndGlobal
